github.com/bahromzokirov/bank v0.0.0-20211221042149-cb359fd15c3b h1:IXFAz+cKR5dW8vDFRrvXJefVJ/ohW/1illEL8OOQZOM=
github.com/bahromzokirov/bank v0.0.0-20211221042149-cb359fd15c3b/go.mod h1:IFJf4HRnY8l02BUPn1twkKEy9YjsZUm4yQ5Cr+ezB5A=
github.com/bahromzokirov/bank/v2 v2.0.0 h1:7XkZka7hz9YXeml1fld24R01Sc98p/kpgvl6cdc/zZI=
github.com/bahromzokirov/bank/v2 v2.0.0/go.mod h1:a5Mu17cpiXITRbSbyhnDp0812TAbdZL2uE/6kzeRoZI=
